
Microsoft Visual Studio Solution File, Format Version 12.00
# Visual Studio 15
VisualStudioVersion = 15.0.27130.2027
MinimumVisualStudioVersion = 10.0.40219.1
Project("{FAE04EC0-301F-11D3-BF4B-00C04F79EFBC}") = "PhotoLibrary.DAL", "PhotoLibrary.DAL\PhotoLibrary.DAL.csproj", "{C56E4FDB-4CEF-48C7-83A5-02096B3A3C71}"
EndProject
Project("{FAE04EC0-301F-11D3-BF4B-00C04F79EFBC}") = "PhotoLibrary.App", "PhotoLibrary.App\PhotoLibrary.App.csproj", "{1AD76A46-7EC9-4209-B4C7-17ED9AC42A03}"
EndProject
Project("{FAE04EC0-301F-11D3-BF4B-00C04F79EFBC}") = "PhotoLibrary.Tests", "PhotoLibrary.Tests\PhotoLibrary.Tests.csproj", "{04438832-9388-4D40-8271-4A9AAF5519C1}"
EndProject
Project("{FAE04EC0-301F-11D3-BF4B-00C04F79EFBC}") = "PhotoLibrary.BL", "PhotoLibrary.BL\PhotoLibrary.BL.csproj", "{E6430C4A-E33D-46C7-B856-5EBC0E963264}"
EndProject
Global
	GlobalSection(SolutionConfigurationPlatforms) = preSolution
		Debug|Any CPU = Debug|Any CPU
		Release|Any CPU = Release|Any CPU
	EndGlobalSection
	GlobalSection(ProjectConfigurationPlatforms) = postSolution
		{C56E4FDB-4CEF-48C7-83A5-02096B3A3C71}.Debug|Any CPU.ActiveCfg = Debug|Any CPU
		{C56E4FDB-4CEF-48C7-83A5-02096B3A3C71}.Debug|Any CPU.Build.0 = Debug|Any CPU
		{C56E4FDB-4CEF-48C7-83A5-02096B3A3C71}.Release|Any CPU.ActiveCfg = Release|Any CPU
		{C56E4FDB-4CEF-48C7-83A5-02096B3A3C71}.Release|Any CPU.Build.0 = Release|Any CPU
		{1AD76A46-7EC9-4209-B4C7-17ED9AC42A03}.Debug|Any CPU.ActiveCfg = Debug|Any CPU
		{1AD76A46-7EC9-4209-B4C7-17ED9AC42A03}.Debug|Any CPU.Build.0 = Debug|Any CPU
		{1AD76A46-7EC9-4209-B4C7-17ED9AC42A03}.Release|Any CPU.ActiveCfg = Release|Any CPU
		{1AD76A46-7EC9-4209-B4C7-17ED9AC42A03}.Release|Any CPU.Build.0 = Release|Any CPU
		{04438832-9388-4D40-8271-4A9AAF5519C1}.Debug|Any CPU.ActiveCfg = Debug|Any CPU
		{04438832-9388-4D40-8271-4A9AAF5519C1}.Debug|Any CPU.Build.0 = Debug|Any CPU
		{04438832-9388-4D40-8271-4A9AAF5519C1}.Release|Any CPU.ActiveCfg = Release|Any CPU
		{04438832-9388-4D40-8271-4A9AAF5519C1}.Release|Any CPU.Build.0 = Release|Any CPU
		{E6430C4A-E33D-46C7-B856-5EBC0E963264}.Debug|Any CPU.ActiveCfg = Debug|Any CPU
		{E6430C4A-E33D-46C7-B856-5EBC0E963264}.Debug|Any CPU.Build.0 = Debug|Any CPU
		{E6430C4A-E33D-46C7-B856-5EBC0E963264}.Release|Any CPU.ActiveCfg = Release|Any CPU
		{E6430C4A-E33D-46C7-B856-5EBC0E963264}.Release|Any CPU.Build.0 = Release|Any CPU
	EndGlobalSection
	GlobalSection(SolutionProperties) = preSolution
		HideSolutionNode = FALSE
	EndGlobalSection
	GlobalSection(ExtensibilityGlobals) = postSolution
		SolutionGuid = {E00A7C9D-7444-4A20-B0CA-16C91E7B6160}
	EndGlobalSection
EndGlobal
